<?xml version="1.0" encoding="utf-8"?>
<Project ToolsVersion="4.0" xmlns="http://schemas.microsoft.com/developer/msbuild/2003">
  <ItemGroup>
    <Filter Include="리소스 파일">
      <UniqueIdentifier>{67DA6AB6-F800-4c08-8B7A-83BB121AAD01}</UniqueIdentifier>
      <Extensions>rc;ico;cur;bmp;dlg;rc2;rct;bin;rgs;gif;jpg;jpeg;jpe;resx;tiff;tif;png;wav;mfcribbon-ms</Extensions>
    </Filter>
    <Filter Include="Engine">
      <UniqueIdentifier>{746b46bf-8f80-487e-82be-5bee9181c874}</UniqueIdentifier>
    </Filter>
    <Filter Include="main">
      <UniqueIdentifier>{87717b6d-6213-4dde-b2f5-9563e8b958f9}</UniqueIdentifier>
    </Filter>
    <Filter Include="Engine\Common">
      <UniqueIdentifier>{a6566301-8b41-49ed-a858-829fee67bc73}</UniqueIdentifier>
    </Filter>
    <Filter Include="Engine\GameObject">
      <UniqueIdentifier>{1bdc5aa9-e413-49f4-bf8a-2cfde68c09b3}</UniqueIdentifier>
    </Filter>
    <Filter Include="Engine\High Level interface">
      <UniqueIdentifier>{b2193420-4131-4a43-9c69-cb64ccdddd8e}</UniqueIdentifier>
    </Filter>
    <Filter Include="Engine\Scene">
      <UniqueIdentifier>{858b6d1d-481d-45d5-b31e-d3181108ec06}</UniqueIdentifier>
    </Filter>
    <Filter Include="Engine\Component">
      <UniqueIdentifier>{9ad17739-051e-4569-a168-2ce03653b0d0}</UniqueIdentifier>
    </Filter>
    <Filter Include="Engine\Layer">
      <UniqueIdentifier>{3d88a3bc-f618-41ac-a580-e71d17a69040}</UniqueIdentifier>
    </Filter>
    <Filter Include="Contents">
      <UniqueIdentifier>{cc139d29-1dd9-4cea-a489-26494770e5d0}</UniqueIdentifier>
    </Filter>
    <Filter Include="Engine\Time">
      <UniqueIdentifier>{05328646-7174-40c6-8906-5379aba1b30c}</UniqueIdentifier>
    </Filter>
    <Filter Include="Contents\Scenes">
      <UniqueIdentifier>{15293e48-db26-4049-a862-8e1203e2b38b}</UniqueIdentifier>
    </Filter>
    <Filter Include="Contents\Scenes\TitleScene">
      <UniqueIdentifier>{7a7f5fca-22a9-4098-bc2b-49fa06fd5950}</UniqueIdentifier>
    </Filter>
    <Filter Include="Contents\Objects">
      <UniqueIdentifier>{7418d05b-f9f1-46d1-97c4-e156b8505bce}</UniqueIdentifier>
    </Filter>
    <Filter Include="Engine\Input">
      <UniqueIdentifier>{31902e4b-e39f-47a1-a2f9-c24fc3c3b207}</UniqueIdentifier>
    </Filter>
    <Filter Include="Engine\Resource">
      <UniqueIdentifier>{5a15fc2f-b1fb-45fa-a72d-898889f30903}</UniqueIdentifier>
    </Filter>
    <Filter Include="Engine\Component\Transform">
      <UniqueIdentifier>{0e96e9fb-666e-4fd1-b3f0-2bd1c9c733a0}</UniqueIdentifier>
    </Filter>
    <Filter Include="Contents\Objects\Player">
      <UniqueIdentifier>{33bd0678-aa21-4031-ab0c-30f3d8bea85d}</UniqueIdentifier>
    </Filter>
    <Filter Include="Contents\Objects\Cursor">
      <UniqueIdentifier>{2caf598b-e7bc-444e-ad13-fc283498f741}</UniqueIdentifier>
    </Filter>
    <Filter Include="Contents\Objects\menu_BG">
      <UniqueIdentifier>{d05532e2-c454-494d-b314-5643dc744493}</UniqueIdentifier>
    </Filter>
    <Filter Include="Contents\Objects\backboard">
      <UniqueIdentifier>{ad9049c2-3f8c-4986-8300-074182bce96f}</UniqueIdentifier>
    </Filter>
    <Filter Include="Contents\Objects\menu_title">
      <UniqueIdentifier>{7fb95708-5933-4f22-9bb4-f93e9f672f76}</UniqueIdentifier>
    </Filter>
    <Filter Include="Contents\Objects\GrimRoom_BG">
      <UniqueIdentifier>{16fa389a-6a44-47e3-886c-5731de99f579}</UniqueIdentifier>
    </Filter>
    <Filter Include="Contents\Scenes\MainHallScene">
      <UniqueIdentifier>{e8d86363-73f2-428d-a40a-d0b8ec2b2ed1}</UniqueIdentifier>
    </Filter>
    <Filter Include="Contents\Scenes\BossScene">
      <UniqueIdentifier>{eec00e91-033a-47d6-87ce-39bb4d384c43}</UniqueIdentifier>
    </Filter>
    <Filter Include="Contents\Scenes\Room1Scene">
      <UniqueIdentifier>{d868db69-3b8b-4a6f-866d-c2a49c1a3ee8}</UniqueIdentifier>
    </Filter>
    <Filter Include="Engine\Component\Animation">
      <UniqueIdentifier>{ceff0711-6a30-4e9b-a2c9-5d153de03624}</UniqueIdentifier>
    </Filter>
    <Filter Include="Contents\Objects\Player\SlashEffect">
      <UniqueIdentifier>{e7f81400-5a77-4b4c-8eea-df41d5fa1743}</UniqueIdentifier>
    </Filter>
    <Filter Include="Engine\Component\Collider">
      <UniqueIdentifier>{cd5b3cfd-af48-46c4-9c87-9d4584c97ebe}</UniqueIdentifier>
    </Filter>
    <Filter Include="Contents\Objects\Crawlid">
      <UniqueIdentifier>{921e3477-ec64-484a-a6a7-ce1be6c6c37e}</UniqueIdentifier>
    </Filter>
    <Filter Include="Contents\Scenes\Mantis_Lords_Boss_Scene">
      <UniqueIdentifier>{2c55d5a9-5504-40f6-acc5-f52a89b53026}</UniqueIdentifier>
    </Filter>
    <Filter Include="Contents\Objects\AscentWall">
      <UniqueIdentifier>{8f249d29-3e8b-4729-b723-042c580329c4}</UniqueIdentifier>
    </Filter>
    <Filter Include="Contents\Objects\Player\UpSlashEffect">
      <UniqueIdentifier>{8e9b62d6-b367-4536-92f9-0bcfce778248}</UniqueIdentifier>
    </Filter>
    <Filter Include="Contents\Objects\Player\SlashAltEffect">
      <UniqueIdentifier>{3b78b24d-a251-4a90-8f71-1a22fd2b0f35}</UniqueIdentifier>
    </Filter>
    <Filter Include="Engine\Camera">
      <UniqueIdentifier>{0705624a-70ff-4038-98a8-345751da50b6}</UniqueIdentifier>
    </Filter>
  </ItemGroup>
  <ItemGroup>
    <ClInclude Include="Client.h">
      <Filter>main</Filter>
    </ClInclude>
    <ClInclude Include="framework.h">
      <Filter>main</Filter>
    </ClInclude>
    <ClInclude Include="Resource.h">
      <Filter>main</Filter>
    </ClInclude>
    <ClInclude Include="targetver.h">
      <Filter>main</Filter>
    </ClInclude>
    <ClInclude Include="CommonInclude.h">
      <Filter>Engine\Common</Filter>
    </ClInclude>
    <ClInclude Include="yaEnums.h">
      <Filter>Engine\Common</Filter>
    </ClInclude>
    <ClInclude Include="yamyamEngine.h">
      <Filter>Engine\Common</Filter>
    </ClInclude>
    <ClInclude Include="yaMath.h">
      <Filter>Engine\Common</Filter>
    </ClInclude>
    <ClInclude Include="yaGameObject.h">
      <Filter>Engine\GameObject</Filter>
    </ClInclude>
    <ClInclude Include="yaApplication.h">
      <Filter>Engine\High Level interface</Filter>
    </ClInclude>
    <ClInclude Include="yaEntity.h">
      <Filter>Engine\Common</Filter>
    </ClInclude>
    <ClInclude Include="yaScene.h">
      <Filter>Engine\Scene</Filter>
    </ClInclude>
    <ClInclude Include="yaComponent.h">
      <Filter>Engine\Component</Filter>
    </ClInclude>
    <ClInclude Include="yaSceneManager.h">
      <Filter>Engine\Scene</Filter>
    </ClInclude>
    <ClInclude Include="yaLayer.h">
      <Filter>Engine\Layer</Filter>
    </ClInclude>
    <ClInclude Include="yaTitleScene.h">
      <Filter>Contents\Scenes\TitleScene</Filter>
    </ClInclude>
    <ClInclude Include="yaBossScene.h">
      <Filter>Contents\Scenes\BossScene</Filter>
    </ClInclude>
    <ClInclude Include="yaTime.h">
      <Filter>Engine\Time</Filter>
    </ClInclude>
    <ClInclude Include="yaInput.h">
      <Filter>Engine\Input</Filter>
    </ClInclude>
    <ClInclude Include="yaResource.h">
      <Filter>Engine\Resource</Filter>
    </ClInclude>
    <ClInclude Include="yaResourceManager.h">
      <Filter>Engine\Resource</Filter>
    </ClInclude>
    <ClInclude Include="yaImage.h">
      <Filter>Engine\Resource</Filter>
    </ClInclude>
    <ClInclude Include="yaTransform.h">
      <Filter>Engine\Component\Transform</Filter>
    </ClInclude>
    <ClInclude Include="yaPlayer.h">
      <Filter>Contents\Objects\Player</Filter>
    </ClInclude>
    <ClInclude Include="yaCursor.h">
      <Filter>Contents\Objects\Cursor</Filter>
    </ClInclude>
    <ClInclude Include="yaMenuBG.h">
      <Filter>Contents\Objects\menu_BG</Filter>
    </ClInclude>
    <ClInclude Include="yaMenuTitle.h">
      <Filter>Contents\Objects\menu_title</Filter>
    </ClInclude>
    <ClInclude Include="yaBackboard.h">
      <Filter>Contents\Objects\backboard</Filter>
    </ClInclude>
    <ClInclude Include="yaGrimRoomBG.h">
      <Filter>Contents\Objects\GrimRoom_BG</Filter>
    </ClInclude>
    <ClInclude Include="yaMainHallScene.h">
      <Filter>Contents\Scenes\MainHallScene</Filter>
    </ClInclude>
    <ClInclude Include="yaAnimation.h">
      <Filter>Engine\Component\Animation</Filter>
    </ClInclude>
    <ClInclude Include="yaAnimator.h">
      <Filter>Engine\Component\Animation</Filter>
    </ClInclude>
    <ClInclude Include="yaSlashEffectRight.h">
      <Filter>Contents\Objects\Player\SlashEffect</Filter>
    </ClInclude>
    <ClInclude Include="yaCollider.h">
      <Filter>Engine\Component\Collider</Filter>
    </ClInclude>
    <ClInclude Include="yaCollisionManager.h">
      <Filter>Engine\Component\Collider</Filter>
    </ClInclude>
    <ClInclude Include="yaCrawlid.h">
      <Filter>Contents\Objects\Crawlid</Filter>
    </ClInclude>
    <ClInclude Include="yaAscent_Wall_02.h">
      <Filter>Contents\Objects\AscentWall</Filter>
    </ClInclude>
    <ClInclude Include="mySlashEffectLeft.h">
      <Filter>Contents\Objects\Player\SlashEffect</Filter>
    </ClInclude>
    <ClInclude Include="yaUpSlashEffect.h">
      <Filter>Contents\Objects\Player\UpSlashEffect</Filter>
    </ClInclude>
    <ClInclude Include="yaSlashAltEffectLeft.h">
      <Filter>Contents\Objects\Player\SlashAltEffect</Filter>
    </ClInclude>
    <ClInclude Include="yaSlashAltEffectRight.h">
      <Filter>Contents\Objects\Player\SlashAltEffect</Filter>
    </ClInclude>
    <ClInclude Include="yaCamera.h">
      <Filter>Engine\Camera</Filter>
    </ClInclude>
    <ClInclude Include="yaObject.h">
      <Filter>Engine\GameObject</Filter>
    </ClInclude>
  </ItemGroup>
  <ItemGroup>
    <ClCompile Include="main.cpp">
      <Filter>main</Filter>
    </ClCompile>
    <ClCompile Include="yaMath.cpp">
      <Filter>Engine\Common</Filter>
    </ClCompile>
    <ClCompile Include="yaGameObject.cpp">
      <Filter>Engine\GameObject</Filter>
    </ClCompile>
    <ClCompile Include="yaApplication.cpp">
      <Filter>Engine\High Level interface</Filter>
    </ClCompile>
    <ClCompile Include="yaEntity.cpp">
      <Filter>Engine\Common</Filter>
    </ClCompile>
    <ClCompile Include="yaScene.cpp">
      <Filter>Engine\Scene</Filter>
    </ClCompile>
    <ClCompile Include="yaComponent.cpp">
      <Filter>Engine\Component</Filter>
    </ClCompile>
    <ClCompile Include="yaSceneManager.cpp">
      <Filter>Engine\Scene</Filter>
    </ClCompile>
    <ClCompile Include="yaLayer.cpp">
      <Filter>Engine\Layer</Filter>
    </ClCompile>
    <ClCompile Include="yaTitleScene.cpp">
      <Filter>Contents\Scenes\TitleScene</Filter>
    </ClCompile>
    <ClCompile Include="yaBossScene.cpp">
      <Filter>Contents\Scenes\BossScene</Filter>
    </ClCompile>
    <ClCompile Include="yaTime.cpp">
      <Filter>Engine\Time</Filter>
    </ClCompile>
    <ClCompile Include="yaInput.cpp">
      <Filter>Engine\Input</Filter>
    </ClCompile>
    <ClCompile Include="yaResource.cpp">
      <Filter>Engine\Resource</Filter>
    </ClCompile>
    <ClCompile Include="yaResourceManager.cpp">
      <Filter>Engine\Resource</Filter>
    </ClCompile>
    <ClCompile Include="yaImage.cpp">
      <Filter>Engine\Resource</Filter>
    </ClCompile>
    <ClCompile Include="yaTransform.cpp">
      <Filter>Engine\Component\Transform</Filter>
    </ClCompile>
    <ClCompile Include="yaPlayer.cpp">
      <Filter>Contents\Objects\Player</Filter>
    </ClCompile>
    <ClCompile Include="yaCursor.cpp">
      <Filter>Contents\Objects\Cursor</Filter>
    </ClCompile>
    <ClCompile Include="yaMenuBG.cpp">
      <Filter>Contents\Objects\menu_BG</Filter>
    </ClCompile>
    <ClCompile Include="yaBackboard.cpp">
      <Filter>Contents\Objects\backboard</Filter>
    </ClCompile>
    <ClCompile Include="yaGrimRoomBG.cpp">
      <Filter>Contents\Objects\GrimRoom_BG</Filter>
    </ClCompile>
    <ClCompile Include="yaMainHallScene.cpp">
      <Filter>Contents\Scenes\MainHallScene</Filter>
    </ClCompile>
    <ClCompile Include="yaAnimation.cpp">
      <Filter>Engine\Component\Animation</Filter>
    </ClCompile>
    <ClCompile Include="yaAnimator.cpp">
      <Filter>Engine\Component\Animation</Filter>
    </ClCompile>
    <ClCompile Include="yaMenuTitle.cpp">
      <Filter>Contents\Objects\menu_title</Filter>
    </ClCompile>
    <ClCompile Include="yaSlashEffectRight.cpp">
      <Filter>Contents\Objects\Player\SlashEffect</Filter>
    </ClCompile>
    <ClCompile Include="yaCollider.cpp">
      <Filter>Engine\Component\Collider</Filter>
    </ClCompile>
    <ClCompile Include="yaCollisionManager.cpp">
      <Filter>Engine\Component\Collider</Filter>
    </ClCompile>
    <ClCompile Include="yaCrawlid.cpp">
      <Filter>Contents\Objects\Crawlid</Filter>
    </ClCompile>
    <ClCompile Include="yaAscent_Wall_02.cpp">
      <Filter>Contents\Objects\AscentWall</Filter>
    </ClCompile>
    <ClCompile Include="mySlashEffectLeft.cpp">
      <Filter>Contents\Objects\Player\SlashEffect</Filter>
    </ClCompile>
    <ClCompile Include="yaUpSlashEffect.cpp">
      <Filter>Contents\Objects\Player\UpSlashEffect</Filter>
    </ClCompile>
    <ClCompile Include="yaSlashAltEffectLeft.cpp">
      <Filter>Contents\Objects\Player\SlashAltEffect</Filter>
    </ClCompile>
    <ClCompile Include="yaSlashAltEffectRight.cpp">
      <Filter>Contents\Objects\Player\SlashAltEffect</Filter>
    </ClCompile>
    <ClCompile Include="yaCamera.cpp">
      <Filter>Engine\Camera</Filter>
    </ClCompile>
  </ItemGroup>
  <ItemGroup>
    <ResourceCompile Include="Client.rc">
      <Filter>리소스 파일</Filter>
    </ResourceCompile>
  </ItemGroup>
  <ItemGroup>
    <Image Include="small.ico">
      <Filter>리소스 파일</Filter>
    </Image>
    <Image Include="Client.ico">
      <Filter>리소스 파일</Filter>
    </Image>
  </ItemGroup>
</Project>