<?xml version="1.0" encoding="utf-8"?>
<Project ToolsVersion="4.0" xmlns="http://schemas.microsoft.com/developer/msbuild/2003">
  <ItemGroup>
    <Filter Include="리소스 파일">
      <UniqueIdentifier>{67DA6AB6-F800-4c08-8B7A-83BB121AAD01}</UniqueIdentifier>
      <Extensions>rc;ico;cur;bmp;dlg;rc2;rct;bin;rgs;gif;jpg;jpeg;jpe;resx;tiff;tif;png;wav;mfcribbon-ms</Extensions>
    </Filter>
    <Filter Include="Engine">
      <UniqueIdentifier>{746b46bf-8f80-487e-82be-5bee9181c874}</UniqueIdentifier>
    </Filter>
    <Filter Include="main">
      <UniqueIdentifier>{87717b6d-6213-4dde-b2f5-9563e8b958f9}</UniqueIdentifier>
    </Filter>
    <Filter Include="Engine\Common">
      <UniqueIdentifier>{a6566301-8b41-49ed-a858-829fee67bc73}</UniqueIdentifier>
    </Filter>
    <Filter Include="Engine\GameObject">
      <UniqueIdentifier>{1bdc5aa9-e413-49f4-bf8a-2cfde68c09b3}</UniqueIdentifier>
    </Filter>
    <Filter Include="Engine\High Level interface">
      <UniqueIdentifier>{b2193420-4131-4a43-9c69-cb64ccdddd8e}</UniqueIdentifier>
    </Filter>
    <Filter Include="Engine\Scene">
      <UniqueIdentifier>{858b6d1d-481d-45d5-b31e-d3181108ec06}</UniqueIdentifier>
    </Filter>
    <Filter Include="Engine\Component">
      <UniqueIdentifier>{9ad17739-051e-4569-a168-2ce03653b0d0}</UniqueIdentifier>
    </Filter>
    <Filter Include="Engine\Layer">
      <UniqueIdentifier>{3d88a3bc-f618-41ac-a580-e71d17a69040}</UniqueIdentifier>
    </Filter>
    <Filter Include="Contents">
      <UniqueIdentifier>{cc139d29-1dd9-4cea-a489-26494770e5d0}</UniqueIdentifier>
    </Filter>
    <Filter Include="Engine\Time">
      <UniqueIdentifier>{05328646-7174-40c6-8906-5379aba1b30c}</UniqueIdentifier>
    </Filter>
    <Filter Include="Contents\Scenes">
      <UniqueIdentifier>{15293e48-db26-4049-a862-8e1203e2b38b}</UniqueIdentifier>
    </Filter>
    <Filter Include="Contents\Scenes\TitleScene">
      <UniqueIdentifier>{7a7f5fca-22a9-4098-bc2b-49fa06fd5950}</UniqueIdentifier>
    </Filter>
    <Filter Include="Contents\Objects">
      <UniqueIdentifier>{7418d05b-f9f1-46d1-97c4-e156b8505bce}</UniqueIdentifier>
    </Filter>
    <Filter Include="Engine\Input">
      <UniqueIdentifier>{31902e4b-e39f-47a1-a2f9-c24fc3c3b207}</UniqueIdentifier>
    </Filter>
    <Filter Include="Engine\Resource">
      <UniqueIdentifier>{5a15fc2f-b1fb-45fa-a72d-898889f30903}</UniqueIdentifier>
    </Filter>
    <Filter Include="Engine\Component\Transform">
      <UniqueIdentifier>{0e96e9fb-666e-4fd1-b3f0-2bd1c9c733a0}</UniqueIdentifier>
    </Filter>
    <Filter Include="Contents\Scenes\MainHallScene">
      <UniqueIdentifier>{e8d86363-73f2-428d-a40a-d0b8ec2b2ed1}</UniqueIdentifier>
    </Filter>
    <Filter Include="Engine\Component\Animation">
      <UniqueIdentifier>{ceff0711-6a30-4e9b-a2c9-5d153de03624}</UniqueIdentifier>
    </Filter>
    <Filter Include="Engine\Component\Collider">
      <UniqueIdentifier>{cd5b3cfd-af48-46c4-9c87-9d4584c97ebe}</UniqueIdentifier>
    </Filter>
    <Filter Include="Contents\Scenes\Mantis_Lords_Boss_Scene">
      <UniqueIdentifier>{2c55d5a9-5504-40f6-acc5-f52a89b53026}</UniqueIdentifier>
    </Filter>
    <Filter Include="Engine\Camera">
      <UniqueIdentifier>{0705624a-70ff-4038-98a8-345751da50b6}</UniqueIdentifier>
    </Filter>
    <Filter Include="Engine\Component\RigidBody">
      <UniqueIdentifier>{e6fe1142-a42b-4b8c-8b76-1e4d991a458e}</UniqueIdentifier>
    </Filter>
    <Filter Include="Contents\Objects\Struct">
      <UniqueIdentifier>{bc4acd11-6a16-4b8e-ac4d-3d88d89da49d}</UniqueIdentifier>
    </Filter>
    <Filter Include="Contents\Objects\Struct\menu_title">
      <UniqueIdentifier>{7fb95708-5933-4f22-9bb4-f93e9f672f76}</UniqueIdentifier>
    </Filter>
    <Filter Include="Contents\Objects\Struct\menu_BG">
      <UniqueIdentifier>{d05532e2-c454-494d-b314-5643dc744493}</UniqueIdentifier>
    </Filter>
    <Filter Include="Contents\Objects\Struct\MantisThroneBack">
      <UniqueIdentifier>{503ccd0f-5361-474d-aee5-4e9a257b26e6}</UniqueIdentifier>
    </Filter>
    <Filter Include="Contents\Objects\Struct\MantisThrone">
      <UniqueIdentifier>{46a6e8f2-350b-4287-b054-798b69507f6f}</UniqueIdentifier>
    </Filter>
    <Filter Include="Contents\Objects\Struct\LongPlatform">
      <UniqueIdentifier>{460a10b0-0555-4a25-80b1-652afe8b928d}</UniqueIdentifier>
    </Filter>
    <Filter Include="Contents\Objects\Struct\GodBG">
      <UniqueIdentifier>{16fa389a-6a44-47e3-886c-5731de99f579}</UniqueIdentifier>
    </Filter>
    <Filter Include="Contents\Objects\Struct\Cursor">
      <UniqueIdentifier>{2caf598b-e7bc-444e-ad13-fc283498f741}</UniqueIdentifier>
    </Filter>
    <Filter Include="Contents\Objects\Struct\PlayerSkull">
      <UniqueIdentifier>{7371db15-b776-4b5d-93fb-d55a1458010d}</UniqueIdentifier>
    </Filter>
    <Filter Include="Contents\Objects\Charactor">
      <UniqueIdentifier>{838adeed-54d3-40e3-95d5-1f65f3a64d0e}</UniqueIdentifier>
    </Filter>
    <Filter Include="Contents\Objects\Charactor\Mantis_Lords">
      <UniqueIdentifier>{0d3c9e98-9c87-484c-a0d3-b845e1fb5541}</UniqueIdentifier>
    </Filter>
    <Filter Include="Contents\Objects\Charactor\Mantis_Lords\MantisLord1">
      <UniqueIdentifier>{669393db-5017-4eee-8025-edcca8079da9}</UniqueIdentifier>
    </Filter>
    <Filter Include="Contents\Objects\Charactor\Mantis_Lords\MantisLord3">
      <UniqueIdentifier>{ff38d3fb-344b-42c1-9b21-127d3477408b}</UniqueIdentifier>
    </Filter>
    <Filter Include="Contents\Objects\Charactor\Crawlid">
      <UniqueIdentifier>{921e3477-ec64-484a-a6a7-ce1be6c6c37e}</UniqueIdentifier>
    </Filter>
    <Filter Include="Contents\Objects\Charactor\Player">
      <UniqueIdentifier>{33bd0678-aa21-4031-ab0c-30f3d8bea85d}</UniqueIdentifier>
    </Filter>
    <Filter Include="Contents\Objects\Charactor\Player\SlashEffect">
      <UniqueIdentifier>{e7f81400-5a77-4b4c-8eea-df41d5fa1743}</UniqueIdentifier>
    </Filter>
    <Filter Include="Contents\Objects\Charactor\Player\UpSlashEffect">
      <UniqueIdentifier>{8e9b62d6-b367-4536-92f9-0bcfce778248}</UniqueIdentifier>
    </Filter>
    <Filter Include="Contents\Objects\Charactor\Player\SlashAltEffect">
      <UniqueIdentifier>{3b78b24d-a251-4a90-8f71-1a22fd2b0f35}</UniqueIdentifier>
    </Filter>
    <Filter Include="Contents\Objects\Charactor\Player\DashEffect">
      <UniqueIdentifier>{e919e1c4-0c40-40c8-9d15-bd6e7f5a153b}</UniqueIdentifier>
    </Filter>
    <Filter Include="Contents\Objects\Charactor\Player\FireballEffect">
      <UniqueIdentifier>{1ed775da-a6af-4bff-b5f7-d8585684e7b4}</UniqueIdentifier>
    </Filter>
    <Filter Include="Contents\Objects\Charactor\Player\DownSlashEffect">
      <UniqueIdentifier>{c19873f0-5b7a-4e3e-88f9-d589cd983244}</UniqueIdentifier>
    </Filter>
    <Filter Include="Contents\Objects\Charactor\Player\FocusEffect">
      <UniqueIdentifier>{55fc5714-cc63-4fa9-bd80-dac65c820601}</UniqueIdentifier>
    </Filter>
    <Filter Include="Contents\Objects\Charactor\Player\DoubleJumpEffect">
      <UniqueIdentifier>{26e0690f-ffa0-44ba-985a-cb4d31ff6024}</UniqueIdentifier>
    </Filter>
    <Filter Include="Contents\Objects\Charactor\Player\FireballCastEffect">
      <UniqueIdentifier>{53c2bb92-10dd-480a-9160-703982d1d72b}</UniqueIdentifier>
    </Filter>
    <Filter Include="Contents\Objects\Struct\LongPlatformBackPixel">
      <UniqueIdentifier>{c0b09d67-985c-461a-9d10-f9efdd52643b}</UniqueIdentifier>
    </Filter>
    <Filter Include="Contents\Objects\Struct\MantisBossPlatform">
      <UniqueIdentifier>{5774c91b-7ce1-4041-8bed-7ef6771143e8}</UniqueIdentifier>
    </Filter>
    <Filter Include="Contents\Objects\Struct\MantisBossWall">
      <UniqueIdentifier>{606fc5e7-0e67-45ba-b140-192c1da4a41b}</UniqueIdentifier>
    </Filter>
    <Filter Include="Contents\Objects\Struct\MantisBossWall\left">
      <UniqueIdentifier>{847faac5-49ef-4e7a-87f0-e5ac5e74f74f}</UniqueIdentifier>
    </Filter>
    <Filter Include="Contents\Objects\Struct\MantisBossWall\right">
      <UniqueIdentifier>{e40b9846-45e8-43e1-8ee5-d399c664e220}</UniqueIdentifier>
    </Filter>
    <Filter Include="Contents\Objects\Charactor\Mantis_Lords\MantisLordsManager">
      <UniqueIdentifier>{1774a97c-b2ff-4c61-a1f3-8bbaf29418b3}</UniqueIdentifier>
    </Filter>
    <Filter Include="Contents\Objects\Struct\BossDoor">
      <UniqueIdentifier>{deb3d4f8-f34d-4c0a-99b5-94bf6807c863}</UniqueIdentifier>
    </Filter>
    <Filter Include="Contents\Objects\Charactor\Mantis_Lords\Air Projectile">
      <UniqueIdentifier>{961111b6-48f7-46a5-b3d2-677fda147c47}</UniqueIdentifier>
    </Filter>
    <Filter Include="Contents\Objects\Charactor\False_Knight">
      <UniqueIdentifier>{7a00e69f-0de4-4d80-ae19-ad218c16d665}</UniqueIdentifier>
    </Filter>
    <Filter Include="Contents\Objects\Struct\FalseKnightPlatform">
      <UniqueIdentifier>{6153e236-b48c-4787-8357-a8500bc9d835}</UniqueIdentifier>
    </Filter>
    <Filter Include="Contents\Scenes\FalseKnightBossScene">
      <UniqueIdentifier>{17e35d86-d3ab-487f-bcc2-b5bb3329dba5}</UniqueIdentifier>
    </Filter>
    <Filter Include="Contents\Objects\Charactor\False_Knight\FalseKnightManager">
      <UniqueIdentifier>{066189f7-93da-4983-acd8-f7c3ac6cd7c8}</UniqueIdentifier>
    </Filter>
    <Filter Include="Contents\Objects\Charactor\False_Knight\StunHead">
      <UniqueIdentifier>{6ff86b55-1278-4927-9e9d-afb3b06c5e42}</UniqueIdentifier>
    </Filter>
    <Filter Include="Contents\Objects\Charactor\False_Knight\Barrel">
      <UniqueIdentifier>{fc43dcd0-16ea-4d0c-9539-577d4dd2860d}</UniqueIdentifier>
    </Filter>
    <Filter Include="Contents\Objects\Charactor\Mantis_Lords\MantisLord2">
      <UniqueIdentifier>{4862b297-07d3-4e50-a982-f8d513b899f5}</UniqueIdentifier>
    </Filter>
    <Filter Include="Contents\Objects\Charactor\Hornet">
      <UniqueIdentifier>{a57059e4-af52-49a9-a0a7-beab7e971da2}</UniqueIdentifier>
    </Filter>
    <Filter Include="Contents\Scenes\HornetBossScene">
      <UniqueIdentifier>{415b06ba-ed34-46a0-8d66-b78921a4b3c7}</UniqueIdentifier>
    </Filter>
    <Filter Include="Contents\Objects\Charactor\Hornet\Barb">
      <UniqueIdentifier>{51a4c448-61fa-4955-b8d4-be2b1c285b42}</UniqueIdentifier>
    </Filter>
    <Filter Include="Contents\Objects\Charactor\Hornet\Sphere">
      <UniqueIdentifier>{0726660e-02cc-4437-86fe-e6b74df7ca9e}</UniqueIdentifier>
    </Filter>
    <Filter Include="Contents\Objects\Charactor\Hornet\Needle">
      <UniqueIdentifier>{ee9e9d43-3bf7-4b93-ba9f-f7f72e06ef41}</UniqueIdentifier>
    </Filter>
    <Filter Include="Contents\Objects\Charactor\Hornet\Needle Thread">
      <UniqueIdentifier>{fe65ab7b-be18-4d42-b751-d943df29412c}</UniqueIdentifier>
    </Filter>
    <Filter Include="Contents\Objects\Charactor\Hornet\Throw Effect">
      <UniqueIdentifier>{2a9489f5-2908-4c10-9497-f9bf04c4ae5c}</UniqueIdentifier>
    </Filter>
    <Filter Include="Contents\Objects\Struct\HornetWall">
      <UniqueIdentifier>{07cc9c0b-cc77-4126-9955-de9e75e19d4e}</UniqueIdentifier>
    </Filter>
    <Filter Include="Contents\Objects\Struct\HornetWall\left">
      <UniqueIdentifier>{ec5bdc57-0481-4009-ae0d-cd0e783871dc}</UniqueIdentifier>
    </Filter>
    <Filter Include="Contents\Objects\Struct\HornetWall\right">
      <UniqueIdentifier>{b73c6957-8aaa-4c03-b7fe-0fb9aea4085c}</UniqueIdentifier>
    </Filter>
    <Filter Include="Contents\Objects\UI">
      <UniqueIdentifier>{f8ce54e0-49ac-4df5-9a9f-6172e84f0c29}</UniqueIdentifier>
    </Filter>
    <Filter Include="Contents\Objects\UI\HP">
      <UniqueIdentifier>{77aeb189-39fd-4bba-9af8-613605dd8b45}</UniqueIdentifier>
    </Filter>
    <Filter Include="Contents\Objects\Struct\Fade">
      <UniqueIdentifier>{77e3c445-c1ca-495b-85e6-2dcb9ec6a73f}</UniqueIdentifier>
    </Filter>
    <Filter Include="Contents\Objects\Struct\Spike">
      <UniqueIdentifier>{a82e4674-ca67-4f77-a7df-ba635b856a66}</UniqueIdentifier>
    </Filter>
    <Filter Include="Contents\Objects\Charactor\False_Knight\Wave">
      <UniqueIdentifier>{8948be51-5d2f-4002-8acd-5849122218a7}</UniqueIdentifier>
    </Filter>
    <Filter Include="Contents\Objects\UI\Soul">
      <UniqueIdentifier>{3c3cf8e8-b565-49df-a2ab-81aae0a72ab9}</UniqueIdentifier>
    </Filter>
    <Filter Include="Contents\Objects\Effect">
      <UniqueIdentifier>{bcc44097-4eb8-4dda-9066-c07b5a561183}</UniqueIdentifier>
    </Filter>
    <Filter Include="Contents\Objects\Struct\Platform">
      <UniqueIdentifier>{9babce4e-cdbf-47ef-9c96-78c1cc360ef2}</UniqueIdentifier>
    </Filter>
    <Filter Include="Contents\Objects\Struct\BG_Large">
      <UniqueIdentifier>{7cf2029c-258d-43d7-ac68-a5f0f2d2228c}</UniqueIdentifier>
    </Filter>
    <Filter Include="Contents\Scenes\TutorialScene">
      <UniqueIdentifier>{dc8cbb40-e934-4626-b74e-fbf8567c6306}</UniqueIdentifier>
    </Filter>
    <Filter Include="Contents\Objects\Struct\Wall">
      <UniqueIdentifier>{665c793e-4f0c-4bbf-998e-dc6e33a9f1d0}</UniqueIdentifier>
    </Filter>
    <Filter Include="Contents\Objects\Struct\Pillar">
      <UniqueIdentifier>{0f96d677-10b6-43e8-82e2-b28cef2a7b68}</UniqueIdentifier>
    </Filter>
    <Filter Include="Contents\Objects\Struct\Statue">
      <UniqueIdentifier>{fd3c87f3-af01-45b7-ac7d-0cf715fef678}</UniqueIdentifier>
    </Filter>
    <Filter Include="Contents\Scenes\Ending Scene">
      <UniqueIdentifier>{484be304-6b9c-4766-97ac-382fa2cedc42}</UniqueIdentifier>
    </Filter>
  </ItemGroup>
  <ItemGroup>
    <ClInclude Include="Client.h">
      <Filter>main</Filter>
    </ClInclude>
    <ClInclude Include="framework.h">
      <Filter>main</Filter>
    </ClInclude>
    <ClInclude Include="Resource.h">
      <Filter>main</Filter>
    </ClInclude>
    <ClInclude Include="targetver.h">
      <Filter>main</Filter>
    </ClInclude>
    <ClInclude Include="CommonInclude.h">
      <Filter>Engine\Common</Filter>
    </ClInclude>
    <ClInclude Include="yaEnums.h">
      <Filter>Engine\Common</Filter>
    </ClInclude>
    <ClInclude Include="yamyamEngine.h">
      <Filter>Engine\Common</Filter>
    </ClInclude>
    <ClInclude Include="yaMath.h">
      <Filter>Engine\Common</Filter>
    </ClInclude>
    <ClInclude Include="yaGameObject.h">
      <Filter>Engine\GameObject</Filter>
    </ClInclude>
    <ClInclude Include="yaApplication.h">
      <Filter>Engine\High Level interface</Filter>
    </ClInclude>
    <ClInclude Include="yaEntity.h">
      <Filter>Engine\Common</Filter>
    </ClInclude>
    <ClInclude Include="yaScene.h">
      <Filter>Engine\Scene</Filter>
    </ClInclude>
    <ClInclude Include="yaComponent.h">
      <Filter>Engine\Component</Filter>
    </ClInclude>
    <ClInclude Include="yaSceneManager.h">
      <Filter>Engine\Scene</Filter>
    </ClInclude>
    <ClInclude Include="yaLayer.h">
      <Filter>Engine\Layer</Filter>
    </ClInclude>
    <ClInclude Include="yaTitleScene.h">
      <Filter>Contents\Scenes\TitleScene</Filter>
    </ClInclude>
    <ClInclude Include="yaTime.h">
      <Filter>Engine\Time</Filter>
    </ClInclude>
    <ClInclude Include="yaInput.h">
      <Filter>Engine\Input</Filter>
    </ClInclude>
    <ClInclude Include="yaResource.h">
      <Filter>Engine\Resource</Filter>
    </ClInclude>
    <ClInclude Include="yaResourceManager.h">
      <Filter>Engine\Resource</Filter>
    </ClInclude>
    <ClInclude Include="yaImage.h">
      <Filter>Engine\Resource</Filter>
    </ClInclude>
    <ClInclude Include="yaTransform.h">
      <Filter>Engine\Component\Transform</Filter>
    </ClInclude>
    <ClInclude Include="yaPlayer.h">
      <Filter>Contents\Objects\Charactor\Player</Filter>
    </ClInclude>
    <ClInclude Include="yaCursor.h">
      <Filter>Contents\Objects\Struct\Cursor</Filter>
    </ClInclude>
    <ClInclude Include="yaMenuBG.h">
      <Filter>Contents\Objects\Struct\menu_BG</Filter>
    </ClInclude>
    <ClInclude Include="yaMenuTitle.h">
      <Filter>Contents\Objects\Struct\menu_title</Filter>
    </ClInclude>
    <ClInclude Include="GodBG.h">
      <Filter>Contents\Objects\Struct\GodBG</Filter>
    </ClInclude>
    <ClInclude Include="yaMainHallScene.h">
      <Filter>Contents\Scenes\MainHallScene</Filter>
    </ClInclude>
    <ClInclude Include="yaAnimation.h">
      <Filter>Engine\Component\Animation</Filter>
    </ClInclude>
    <ClInclude Include="yaAnimator.h">
      <Filter>Engine\Component\Animation</Filter>
    </ClInclude>
    <ClInclude Include="yaCollider.h">
      <Filter>Engine\Component\Collider</Filter>
    </ClInclude>
    <ClInclude Include="yaCollisionManager.h">
      <Filter>Engine\Component\Collider</Filter>
    </ClInclude>
    <ClInclude Include="yaCrawlid.h">
      <Filter>Contents\Objects\Charactor\Crawlid</Filter>
    </ClInclude>
    <ClInclude Include="yaUpSlashEffect.h">
      <Filter>Contents\Objects\Charactor\Player\UpSlashEffect</Filter>
    </ClInclude>
    <ClInclude Include="yaCamera.h">
      <Filter>Engine\Camera</Filter>
    </ClInclude>
    <ClInclude Include="yaObject.h">
      <Filter>Engine\GameObject</Filter>
    </ClInclude>
    <ClInclude Include="yaDashEffectLeft.h">
      <Filter>Contents\Objects\Charactor\Player\DashEffect</Filter>
    </ClInclude>
    <ClInclude Include="yaDashEffectRight.h">
      <Filter>Contents\Objects\Charactor\Player\DashEffect</Filter>
    </ClInclude>
    <ClInclude Include="MantisLords.h">
      <Filter>Contents\Objects\Charactor\Mantis_Lords</Filter>
    </ClInclude>
    <ClInclude Include="MantisLordsBossScene.h">
      <Filter>Contents\Scenes\Mantis_Lords_Boss_Scene</Filter>
    </ClInclude>
    <ClInclude Include="FireballEffectLeft.h">
      <Filter>Contents\Objects\Charactor\Player\FireballEffect</Filter>
    </ClInclude>
    <ClInclude Include="FireballEffectRight.h">
      <Filter>Contents\Objects\Charactor\Player\FireballEffect</Filter>
    </ClInclude>
    <ClInclude Include="PlayerSkull.h">
      <Filter>Contents\Objects\Struct\PlayerSkull</Filter>
    </ClInclude>
    <ClInclude Include="yaRigidBody.h">
      <Filter>Engine\Component\RigidBody</Filter>
    </ClInclude>
    <ClInclude Include="DownSlashEffect.h">
      <Filter>Contents\Objects\Charactor\Player\DownSlashEffect</Filter>
    </ClInclude>
    <ClInclude Include="FocusEffect.h">
      <Filter>Contents\Objects\Charactor\Player\FocusEffect</Filter>
    </ClInclude>
    <ClInclude Include="DoubleJumpEffect.h">
      <Filter>Contents\Objects\Charactor\Player\DoubleJumpEffect</Filter>
    </ClInclude>
    <ClInclude Include="FireballCastEffect.h">
      <Filter>Contents\Objects\Charactor\Player\FireballCastEffect</Filter>
    </ClInclude>
    <ClInclude Include="FireballCastEffectLeft.h">
      <Filter>Contents\Objects\Charactor\Player\FireballCastEffect</Filter>
    </ClInclude>
    <ClInclude Include="FireballCastEffectRight.h">
      <Filter>Contents\Objects\Charactor\Player\FireballCastEffect</Filter>
    </ClInclude>
    <ClInclude Include="SlashEffect.h">
      <Filter>Contents\Objects\Charactor\Player\SlashEffect</Filter>
    </ClInclude>
    <ClInclude Include="SlashAltEffect.h">
      <Filter>Contents\Objects\Charactor\Player\SlashAltEffect</Filter>
    </ClInclude>
    <ClInclude Include="LongPlatform.h">
      <Filter>Contents\Objects\Struct\LongPlatform</Filter>
    </ClInclude>
    <ClInclude Include="MantisThrone.h">
      <Filter>Contents\Objects\Struct\MantisThrone</Filter>
    </ClInclude>
    <ClInclude Include="MantisThroneBack.h">
      <Filter>Contents\Objects\Struct\MantisThroneBack</Filter>
    </ClInclude>
    <ClInclude Include="MantisLord1.h">
      <Filter>Contents\Objects\Charactor\Mantis_Lords\MantisLord1</Filter>
    </ClInclude>
    <ClInclude Include="MantisLord2.h">
      <Filter>Contents\Objects\Charactor\Mantis_Lords\MantisLord2</Filter>
    </ClInclude>
    <ClInclude Include="MantisLord3.h">
      <Filter>Contents\Objects\Charactor\Mantis_Lords\MantisLord3</Filter>
    </ClInclude>
    <ClInclude Include="LongPlatformBackPixel.h">
      <Filter>Contents\Objects\Struct\LongPlatformBackPixel</Filter>
    </ClInclude>
    <ClInclude Include="MantisBossPlatform.h">
      <Filter>Contents\Objects\Struct\MantisBossPlatform</Filter>
    </ClInclude>
    <ClInclude Include="MantisBossWallLeft.h">
      <Filter>Contents\Objects\Struct\MantisBossWall\left</Filter>
    </ClInclude>
    <ClInclude Include="MantisBossWallRight.h">
      <Filter>Contents\Objects\Struct\MantisBossWall\right</Filter>
    </ClInclude>
    <ClInclude Include="MantisLordsManager.h">
      <Filter>Contents\Objects\Charactor\Mantis_Lords\MantisLordsManager</Filter>
    </ClInclude>
    <ClInclude Include="BossDoor.h">
      <Filter>Contents\Objects\Struct\BossDoor</Filter>
    </ClInclude>
    <ClInclude Include="MantisLordsProjectile.h">
      <Filter>Contents\Objects\Charactor\Mantis_Lords\Air Projectile</Filter>
    </ClInclude>
    <ClInclude Include="FalseKnight.h">
      <Filter>Contents\Objects\Charactor\False_Knight</Filter>
    </ClInclude>
    <ClInclude Include="FalseKnightPlatform.h">
      <Filter>Contents\Objects\Struct\FalseKnightPlatform</Filter>
    </ClInclude>
    <ClInclude Include="FalseKnightBossScene.h">
      <Filter>Contents\Scenes\FalseKnightBossScene</Filter>
    </ClInclude>
    <ClInclude Include="FalseKnightManager.h">
      <Filter>Contents\Objects\Charactor\False_Knight\FalseKnightManager</Filter>
    </ClInclude>
    <ClInclude Include="StunHead.h">
      <Filter>Contents\Objects\Charactor\False_Knight\StunHead</Filter>
    </ClInclude>
    <ClInclude Include="FalseBarrel.h">
      <Filter>Contents\Objects\Charactor\False_Knight\Barrel</Filter>
    </ClInclude>
    <ClInclude Include="yaSound.h">
      <Filter>Engine\Resource</Filter>
    </ClInclude>
    <ClInclude Include="yaSoundManager.h">
      <Filter>Engine\Resource</Filter>
    </ClInclude>
    <ClInclude Include="Hornet.h">
      <Filter>Contents\Objects\Charactor\Hornet</Filter>
    </ClInclude>
    <ClInclude Include="HornetBossScene.h">
      <Filter>Contents\Scenes\HornetBossScene</Filter>
    </ClInclude>
    <ClInclude Include="Barb01.h">
      <Filter>Contents\Objects\Charactor\Hornet\Barb</Filter>
    </ClInclude>
    <ClInclude Include="Barb02.h">
      <Filter>Contents\Objects\Charactor\Hornet\Barb</Filter>
    </ClInclude>
    <ClInclude Include="Barb03.h">
      <Filter>Contents\Objects\Charactor\Hornet\Barb</Filter>
    </ClInclude>
    <ClInclude Include="Barb04.h">
      <Filter>Contents\Objects\Charactor\Hornet\Barb</Filter>
    </ClInclude>
    <ClInclude Include="SphereBall.h">
      <Filter>Contents\Objects\Charactor\Hornet\Sphere</Filter>
    </ClInclude>
    <ClInclude Include="HornetNeedle.h">
      <Filter>Contents\Objects\Charactor\Hornet\Needle</Filter>
    </ClInclude>
    <ClInclude Include="CounterAttackCollider.h">
      <Filter>Contents\Objects\Charactor\Hornet</Filter>
    </ClInclude>
    <ClInclude Include="HornetWallLeft.h">
      <Filter>Contents\Objects\Struct\HornetWall\left</Filter>
    </ClInclude>
    <ClInclude Include="HornetWallLeftBack.h">
      <Filter>Contents\Objects\Struct\HornetWall\left</Filter>
    </ClInclude>
    <ClInclude Include="HPInterface.h">
      <Filter>Contents\Objects\UI\HP</Filter>
    </ClInclude>
    <ClInclude Include="HPobject01.h">
      <Filter>Contents\Objects\UI\HP</Filter>
    </ClInclude>
    <ClInclude Include="HPobject02.h">
      <Filter>Contents\Objects\UI\HP</Filter>
    </ClInclude>
    <ClInclude Include="HPobject03.h">
      <Filter>Contents\Objects\UI\HP</Filter>
    </ClInclude>
    <ClInclude Include="HPobject04.h">
      <Filter>Contents\Objects\UI\HP</Filter>
    </ClInclude>
    <ClInclude Include="HPobject05.h">
      <Filter>Contents\Objects\UI\HP</Filter>
    </ClInclude>
    <ClInclude Include="TestCollider.h">
      <Filter>Contents\Objects\Struct</Filter>
    </ClInclude>
    <ClInclude Include="HornetWallRight.h">
      <Filter>Contents\Objects\Struct\HornetWall\right</Filter>
    </ClInclude>
    <ClInclude Include="Fade.h">
      <Filter>Contents\Objects\Struct\Fade</Filter>
    </ClInclude>
    <ClInclude Include="Spike.h">
      <Filter>Contents\Objects\Struct\Spike</Filter>
    </ClInclude>
    <ClInclude Include="FalseAttackWave.h">
      <Filter>Contents\Objects\Charactor\False_Knight\Wave</Filter>
    </ClInclude>
    <ClInclude Include="Wave01.h">
      <Filter>Contents\Objects\Charactor\False_Knight\Wave</Filter>
    </ClInclude>
    <ClInclude Include="Wave02.h">
      <Filter>Contents\Objects\Charactor\False_Knight\Wave</Filter>
    </ClInclude>
    <ClInclude Include="Wave03.h">
      <Filter>Contents\Objects\Charactor\False_Knight\Wave</Filter>
    </ClInclude>
    <ClInclude Include="FalseAttackCollider.h">
      <Filter>Contents\Objects\Charactor\False_Knight</Filter>
    </ClInclude>
    <ClInclude Include="SoulUI.h">
      <Filter>Contents\Objects\UI\Soul</Filter>
    </ClInclude>
    <ClInclude Include="HitCrackEffect.h">
      <Filter>Contents\Objects\Effect</Filter>
    </ClInclude>
    <ClInclude Include="NailHitEffect.h">
      <Filter>Contents\Objects\Effect</Filter>
    </ClInclude>
    <ClInclude Include="StunEffect.h">
      <Filter>Contents\Objects\Effect</Filter>
    </ClInclude>
    <ClInclude Include="Platform01.h">
      <Filter>Contents\Objects\Struct\Platform</Filter>
    </ClInclude>
    <ClInclude Include="Platform02.h">
      <Filter>Contents\Objects\Struct\Platform</Filter>
    </ClInclude>
    <ClInclude Include="Platform03.h">
      <Filter>Contents\Objects\Struct\Platform</Filter>
    </ClInclude>
    <ClInclude Include="ExplodeBarrelEffect.h">
      <Filter>Contents\Objects\Effect</Filter>
    </ClInclude>
    <ClInclude Include="TutorialScene.h">
      <Filter>Contents\Scenes\TutorialScene</Filter>
    </ClInclude>
    <ClInclude Include="BG_Large.h">
      <Filter>Contents\Objects\Struct\BG_Large</Filter>
    </ClInclude>
    <ClInclude Include="Spike_Large.h">
      <Filter>Contents\Objects\Struct\Spike</Filter>
    </ClInclude>
    <ClInclude Include="Wall_Middle_Left.h">
      <Filter>Contents\Objects\Struct\Wall</Filter>
    </ClInclude>
    <ClInclude Include="Wall_Middle_Right.h">
      <Filter>Contents\Objects\Struct\Wall</Filter>
    </ClInclude>
    <ClInclude Include="Pillar_Large.h">
      <Filter>Contents\Objects\Struct\Pillar</Filter>
    </ClInclude>
    <ClInclude Include="Zote_Statue.h">
      <Filter>Contents\Objects\Struct\Statue</Filter>
    </ClInclude>
    <ClInclude Include="yaVideo.h">
      <Filter>Engine\Resource</Filter>
    </ClInclude>
    <ClInclude Include="EndingScene.h">
      <Filter>Contents\Scenes\Ending Scene</Filter>
    </ClInclude>
  </ItemGroup>
  <ItemGroup>
    <ClCompile Include="main.cpp">
      <Filter>main</Filter>
    </ClCompile>
    <ClCompile Include="yaMath.cpp">
      <Filter>Engine\Common</Filter>
    </ClCompile>
    <ClCompile Include="yaGameObject.cpp">
      <Filter>Engine\GameObject</Filter>
    </ClCompile>
    <ClCompile Include="yaApplication.cpp">
      <Filter>Engine\High Level interface</Filter>
    </ClCompile>
    <ClCompile Include="yaEntity.cpp">
      <Filter>Engine\Common</Filter>
    </ClCompile>
    <ClCompile Include="yaScene.cpp">
      <Filter>Engine\Scene</Filter>
    </ClCompile>
    <ClCompile Include="yaComponent.cpp">
      <Filter>Engine\Component</Filter>
    </ClCompile>
    <ClCompile Include="yaSceneManager.cpp">
      <Filter>Engine\Scene</Filter>
    </ClCompile>
    <ClCompile Include="yaLayer.cpp">
      <Filter>Engine\Layer</Filter>
    </ClCompile>
    <ClCompile Include="yaTitleScene.cpp">
      <Filter>Contents\Scenes\TitleScene</Filter>
    </ClCompile>
    <ClCompile Include="yaTime.cpp">
      <Filter>Engine\Time</Filter>
    </ClCompile>
    <ClCompile Include="yaInput.cpp">
      <Filter>Engine\Input</Filter>
    </ClCompile>
    <ClCompile Include="yaResource.cpp">
      <Filter>Engine\Resource</Filter>
    </ClCompile>
    <ClCompile Include="yaResourceManager.cpp">
      <Filter>Engine\Resource</Filter>
    </ClCompile>
    <ClCompile Include="yaImage.cpp">
      <Filter>Engine\Resource</Filter>
    </ClCompile>
    <ClCompile Include="yaTransform.cpp">
      <Filter>Engine\Component\Transform</Filter>
    </ClCompile>
    <ClCompile Include="yaCursor.cpp">
      <Filter>Contents\Objects\Struct\Cursor</Filter>
    </ClCompile>
    <ClCompile Include="yaMenuBG.cpp">
      <Filter>Contents\Objects\Struct\menu_BG</Filter>
    </ClCompile>
    <ClCompile Include="GodBG.cpp">
      <Filter>Contents\Objects\Struct\GodBG</Filter>
    </ClCompile>
    <ClCompile Include="yaMainHallScene.cpp">
      <Filter>Contents\Scenes\MainHallScene</Filter>
    </ClCompile>
    <ClCompile Include="yaAnimation.cpp">
      <Filter>Engine\Component\Animation</Filter>
    </ClCompile>
    <ClCompile Include="yaAnimator.cpp">
      <Filter>Engine\Component\Animation</Filter>
    </ClCompile>
    <ClCompile Include="yaMenuTitle.cpp">
      <Filter>Contents\Objects\Struct\menu_title</Filter>
    </ClCompile>
    <ClCompile Include="yaCollider.cpp">
      <Filter>Engine\Component\Collider</Filter>
    </ClCompile>
    <ClCompile Include="yaCollisionManager.cpp">
      <Filter>Engine\Component\Collider</Filter>
    </ClCompile>
    <ClCompile Include="yaCrawlid.cpp">
      <Filter>Contents\Objects\Charactor\Crawlid</Filter>
    </ClCompile>
    <ClCompile Include="yaUpSlashEffect.cpp">
      <Filter>Contents\Objects\Charactor\Player\UpSlashEffect</Filter>
    </ClCompile>
    <ClCompile Include="yaCamera.cpp">
      <Filter>Engine\Camera</Filter>
    </ClCompile>
    <ClCompile Include="yaDashEffectLeft.cpp">
      <Filter>Contents\Objects\Charactor\Player\DashEffect</Filter>
    </ClCompile>
    <ClCompile Include="yaDashEffectRight.cpp">
      <Filter>Contents\Objects\Charactor\Player\DashEffect</Filter>
    </ClCompile>
    <ClCompile Include="MantisLords.cpp">
      <Filter>Contents\Objects\Charactor\Mantis_Lords</Filter>
    </ClCompile>
    <ClCompile Include="MantisLordsBossScene.cpp">
      <Filter>Contents\Scenes\Mantis_Lords_Boss_Scene</Filter>
    </ClCompile>
    <ClCompile Include="FireballEffectLeft.cpp">
      <Filter>Contents\Objects\Charactor\Player\FireballEffect</Filter>
    </ClCompile>
    <ClCompile Include="FireballEffectRight.cpp">
      <Filter>Contents\Objects\Charactor\Player\FireballEffect</Filter>
    </ClCompile>
    <ClCompile Include="PlayerSkull.cpp">
      <Filter>Contents\Objects\Struct\PlayerSkull</Filter>
    </ClCompile>
    <ClCompile Include="yaRigidBody.cpp">
      <Filter>Engine\Component\RigidBody</Filter>
    </ClCompile>
    <ClCompile Include="DownSlashEffect.cpp">
      <Filter>Contents\Objects\Charactor\Player\DownSlashEffect</Filter>
    </ClCompile>
    <ClCompile Include="FocusEffect.cpp">
      <Filter>Contents\Objects\Charactor\Player\FocusEffect</Filter>
    </ClCompile>
    <ClCompile Include="DoubleJumpEffect.cpp">
      <Filter>Contents\Objects\Charactor\Player\DoubleJumpEffect</Filter>
    </ClCompile>
    <ClCompile Include="FireballCastEffect.cpp">
      <Filter>Contents\Objects\Charactor\Player\FireballCastEffect</Filter>
    </ClCompile>
    <ClCompile Include="FireballCastEffectLeft.cpp">
      <Filter>Contents\Objects\Charactor\Player\FireballCastEffect</Filter>
    </ClCompile>
    <ClCompile Include="FireballCastEffectRight.cpp">
      <Filter>Contents\Objects\Charactor\Player\FireballCastEffect</Filter>
    </ClCompile>
    <ClCompile Include="SlashEffect.cpp">
      <Filter>Contents\Objects\Charactor\Player\SlashEffect</Filter>
    </ClCompile>
    <ClCompile Include="SlashAltEffect.cpp">
      <Filter>Contents\Objects\Charactor\Player\SlashAltEffect</Filter>
    </ClCompile>
    <ClCompile Include="LongPlatform.cpp">
      <Filter>Contents\Objects\Struct\LongPlatform</Filter>
    </ClCompile>
    <ClCompile Include="MantisThrone.cpp">
      <Filter>Contents\Objects\Struct\MantisThrone</Filter>
    </ClCompile>
    <ClCompile Include="MantisThroneBack.cpp">
      <Filter>Contents\Objects\Struct\MantisThroneBack</Filter>
    </ClCompile>
    <ClCompile Include="MantisLord1.cpp">
      <Filter>Contents\Objects\Charactor\Mantis_Lords\MantisLord1</Filter>
    </ClCompile>
    <ClCompile Include="MantisLord2.cpp">
      <Filter>Contents\Objects\Charactor\Mantis_Lords\MantisLord2</Filter>
    </ClCompile>
    <ClCompile Include="MantisLord3.cpp">
      <Filter>Contents\Objects\Charactor\Mantis_Lords\MantisLord3</Filter>
    </ClCompile>
    <ClCompile Include="LongPlatformBackPixel.cpp">
      <Filter>Contents\Objects\Struct\LongPlatformBackPixel</Filter>
    </ClCompile>
    <ClCompile Include="MantisBossPlatform.cpp">
      <Filter>Contents\Objects\Struct\MantisBossPlatform</Filter>
    </ClCompile>
    <ClCompile Include="MantisBossWallLeft.cpp">
      <Filter>Contents\Objects\Struct\MantisBossWall\left</Filter>
    </ClCompile>
    <ClCompile Include="MantisBossWallRight.cpp">
      <Filter>Contents\Objects\Struct\MantisBossWall\right</Filter>
    </ClCompile>
    <ClCompile Include="MantisLordsManager.cpp">
      <Filter>Contents\Objects\Charactor\Mantis_Lords\MantisLordsManager</Filter>
    </ClCompile>
    <ClCompile Include="BossDoor.cpp">
      <Filter>Contents\Objects\Struct\BossDoor</Filter>
    </ClCompile>
    <ClCompile Include="MantisLordsProjectile.cpp">
      <Filter>Contents\Objects\Charactor\Mantis_Lords\Air Projectile</Filter>
    </ClCompile>
    <ClCompile Include="FalseKnight.cpp">
      <Filter>Contents\Objects\Charactor\False_Knight</Filter>
    </ClCompile>
    <ClCompile Include="FalseKnightPlatform.cpp">
      <Filter>Contents\Objects\Struct\FalseKnightPlatform</Filter>
    </ClCompile>
    <ClCompile Include="FalseKnightBossScene.cpp">
      <Filter>Contents\Scenes\FalseKnightBossScene</Filter>
    </ClCompile>
    <ClCompile Include="FalseKnightManager.cpp">
      <Filter>Contents\Objects\Charactor\False_Knight\FalseKnightManager</Filter>
    </ClCompile>
    <ClCompile Include="StunHead.cpp">
      <Filter>Contents\Objects\Charactor\False_Knight\StunHead</Filter>
    </ClCompile>
    <ClCompile Include="FalseBarrel.cpp">
      <Filter>Contents\Objects\Charactor\False_Knight\Barrel</Filter>
    </ClCompile>
    <ClCompile Include="yaSound.cpp">
      <Filter>Engine\Resource</Filter>
    </ClCompile>
    <ClCompile Include="yaSoundManager.cpp">
      <Filter>Engine\Resource</Filter>
    </ClCompile>
    <ClCompile Include="Hornet.cpp">
      <Filter>Contents\Objects\Charactor\Hornet</Filter>
    </ClCompile>
    <ClCompile Include="HornetBossScene.cpp">
      <Filter>Contents\Scenes\HornetBossScene</Filter>
    </ClCompile>
    <ClCompile Include="Barb01.cpp">
      <Filter>Contents\Objects\Charactor\Hornet\Barb</Filter>
    </ClCompile>
    <ClCompile Include="Barb02.cpp">
      <Filter>Contents\Objects\Charactor\Hornet\Barb</Filter>
    </ClCompile>
    <ClCompile Include="Barb03.cpp">
      <Filter>Contents\Objects\Charactor\Hornet\Barb</Filter>
    </ClCompile>
    <ClCompile Include="Barb04.cpp">
      <Filter>Contents\Objects\Charactor\Hornet\Barb</Filter>
    </ClCompile>
    <ClCompile Include="SphereBall.cpp">
      <Filter>Contents\Objects\Charactor\Hornet\Sphere</Filter>
    </ClCompile>
    <ClCompile Include="HornetNeedle.cpp">
      <Filter>Contents\Objects\Charactor\Hornet\Needle</Filter>
    </ClCompile>
    <ClCompile Include="yaPlayer.cpp">
      <Filter>Contents\Objects\Charactor\Player</Filter>
    </ClCompile>
    <ClCompile Include="CounterAttackCollider.cpp">
      <Filter>Contents\Objects\Charactor\Hornet</Filter>
    </ClCompile>
    <ClCompile Include="HornetWallLeft.cpp">
      <Filter>Contents\Objects\Struct\HornetWall\left</Filter>
    </ClCompile>
    <ClCompile Include="HornetWallLeftBack.cpp">
      <Filter>Contents\Objects\Struct\HornetWall\left</Filter>
    </ClCompile>
    <ClCompile Include="HPInterface.cpp">
      <Filter>Contents\Objects\UI\HP</Filter>
    </ClCompile>
    <ClCompile Include="HPobject01.cpp">
      <Filter>Contents\Objects\UI\HP</Filter>
    </ClCompile>
    <ClCompile Include="HPobject02.cpp">
      <Filter>Contents\Objects\UI\HP</Filter>
    </ClCompile>
    <ClCompile Include="HPobject03.cpp">
      <Filter>Contents\Objects\UI\HP</Filter>
    </ClCompile>
    <ClCompile Include="HPobject04.cpp">
      <Filter>Contents\Objects\UI\HP</Filter>
    </ClCompile>
    <ClCompile Include="HPobject05.cpp">
      <Filter>Contents\Objects\UI\HP</Filter>
    </ClCompile>
    <ClCompile Include="TestCollider.cpp">
      <Filter>Contents\Objects\Struct</Filter>
    </ClCompile>
    <ClCompile Include="HornetWallRight.cpp">
      <Filter>Contents\Objects\Struct\HornetWall\right</Filter>
    </ClCompile>
    <ClCompile Include="Fade.cpp">
      <Filter>Contents\Objects\Struct\Fade</Filter>
    </ClCompile>
    <ClCompile Include="Spike.cpp">
      <Filter>Contents\Objects\Struct\Spike</Filter>
    </ClCompile>
    <ClCompile Include="FalseAttackWave.cpp">
      <Filter>Contents\Objects\Charactor\False_Knight\Wave</Filter>
    </ClCompile>
    <ClCompile Include="Wave01.cpp">
      <Filter>Contents\Objects\Charactor\False_Knight\Wave</Filter>
    </ClCompile>
    <ClCompile Include="Wave02.cpp">
      <Filter>Contents\Objects\Charactor\False_Knight\Wave</Filter>
    </ClCompile>
    <ClCompile Include="Wave03.cpp">
      <Filter>Contents\Objects\Charactor\False_Knight\Wave</Filter>
    </ClCompile>
    <ClCompile Include="FalseAttackCollider.cpp">
      <Filter>Contents\Objects\Charactor\False_Knight</Filter>
    </ClCompile>
    <ClCompile Include="SoulUI.cpp">
      <Filter>Contents\Objects\UI\Soul</Filter>
    </ClCompile>
    <ClCompile Include="HitCrackEffect.cpp">
      <Filter>Contents\Objects\Effect</Filter>
    </ClCompile>
    <ClCompile Include="NailHitEffect.cpp">
      <Filter>Contents\Objects\Effect</Filter>
    </ClCompile>
    <ClCompile Include="StunEffect.cpp">
      <Filter>Contents\Objects\Effect</Filter>
    </ClCompile>
    <ClCompile Include="Platform01.cpp">
      <Filter>Contents\Objects\Struct\Platform</Filter>
    </ClCompile>
    <ClCompile Include="Platform02.cpp">
      <Filter>Contents\Objects\Struct\Platform</Filter>
    </ClCompile>
    <ClCompile Include="Platform03.cpp">
      <Filter>Contents\Objects\Struct\Platform</Filter>
    </ClCompile>
    <ClCompile Include="ExplodeBarrelEffect.cpp">
      <Filter>Contents\Objects\Effect</Filter>
    </ClCompile>
    <ClCompile Include="TutorialScene.cpp">
      <Filter>Contents\Scenes\TutorialScene</Filter>
    </ClCompile>
    <ClCompile Include="BG_Large.cpp">
      <Filter>Contents\Objects\Struct\BG_Large</Filter>
    </ClCompile>
    <ClCompile Include="Spike_Large.cpp">
      <Filter>Contents\Objects\Struct\Spike</Filter>
    </ClCompile>
    <ClCompile Include="Wall_Middle_Left.cpp">
      <Filter>Contents\Objects\Struct\Wall</Filter>
    </ClCompile>
    <ClCompile Include="Wall_Middle_Right.cpp">
      <Filter>Contents\Objects\Struct\Wall</Filter>
    </ClCompile>
    <ClCompile Include="Pillar_Large.cpp">
      <Filter>Contents\Objects\Struct\Pillar</Filter>
    </ClCompile>
    <ClCompile Include="Zote_Statue.cpp">
      <Filter>Contents\Objects\Struct\Statue</Filter>
    </ClCompile>
    <ClCompile Include="yaVideo.cpp">
      <Filter>Engine\Resource</Filter>
    </ClCompile>
    <ClCompile Include="EndingScene.cpp">
      <Filter>Contents\Scenes\Ending Scene</Filter>
    </ClCompile>
  </ItemGroup>
  <ItemGroup>
    <ResourceCompile Include="Client.rc">
      <Filter>리소스 파일</Filter>
    </ResourceCompile>
  </ItemGroup>
  <ItemGroup>
    <Image Include="small.ico">
      <Filter>리소스 파일</Filter>
    </Image>
    <Image Include="Client.ico">
      <Filter>리소스 파일</Filter>
    </Image>
  </ItemGroup>
</Project>